// !$*UTF8*$!
{
	archiveVersion = 1;
	classes = {
	};
	objectVersion = 77;
	objects = {

/* Begin PBXContainerItemProxy section */
		A6E150942D4A755D002DF812 /* PBXContainerItemProxy */ = {
			isa = PBXContainerItemProxy;
			containerPortal = A6E1507B2D4A755A002DF812 /* Project object */;
			proxyType = 1;
			remoteGlobalIDString = A6E150822D4A755A002DF812;
			remoteInfo = "menu i think";
		};
		A6E1509E2D4A755D002DF812 /* PBXContainerItemProxy */ = {
			isa = PBXContainerItemProxy;
			containerPortal = A6E1507B2D4A755A002DF812 /* Project object */;
			proxyType = 1;
			remoteGlobalIDString = A6E150822D4A755A002DF812;
			remoteInfo = "menu i think";
		};
/* End PBXContainerItemProxy section */

/* Begin PBXFileReference section */
		A6E150832D4A755A002DF812 /* menu i think.app */ = {isa = PBXFileReference; explicitFileType = wrapper.application; includeInIndex = 0; path = "menu i think.app"; sourceTree = BUILT_PRODUCTS_DIR; };
		A6E150932D4A755D002DF812 /* menu i thinkTests.xctest */ = {isa = PBXFileReference; explicitFileType = wrapper.cfbundle; includeInIndex = 0; path = "menu i thinkTests.xctest"; sourceTree = BUILT_PRODUCTS_DIR; };
		A6E1509D2D4A755D002DF812 /* menu i thinkUITests.xctest */ = {isa = PBXFileReference; explicitFileType = wrapper.cfbundle; includeInIndex = 0; path = "menu i thinkUITests.xctest"; sourceTree = BUILT_PRODUCTS_DIR; };
/* End PBXFileReference section */

/* Begin PBXFileSystemSynchronizedRootGroup section */
		A6E150852D4A755A002DF812 /* menu i think */ = {
			isa = PBXFileSystemSynchronizedRootGroup;
			path = "menu i think";
			sourceTree = "<group>";
		};
		A6E150962D4A755D002DF812 /* menu i thinkTests */ = {
			isa = PBXFileSystemSynchronizedRootGroup;
			path = "menu i thinkTests";
			sourceTree = "<group>";
		};
		A6E150A02D4A755D002DF812 /* menu i thinkUITests */ = {
			isa = PBXFileSystemSynchronizedRootGroup;
			path = "menu i thinkUITests";
			sourceTree = "<group>";
		};
/* End PBXFileSystemSynchronizedRootGroup section */

/* Begin PBXFrameworksBuildPhase section */
		A6E150802D4A755A002DF812 /* Frameworks */ = {
			isa = PBXFrameworksBuildPhase;
			buildActionMask = 2147483647;
			files = (
			);
			runOnlyForDeploymentPostprocessing = 0;
		};
		A6E150902D4A755D002DF812 /* Frameworks */ = {
			isa = PBXFrameworksBuildPhase;
			buildActionMask = 2147483647;
			files = (
			);
			runOnlyForDeploymentPostprocessing = 0;
		};
		A6E1509A2D4A755D002DF812 /* Frameworks */ = {
			isa = PBXFrameworksBuildPhase;
			buildActionMask = 2147483647;
			files = (
			);
			runOnlyForDeploymentPostprocessing = 0;
		};
/* End PBXFrameworksBuildPhase section */

/* Begin PBXGroup section */
		A6E1507A2D4A755A002DF812 = {
			isa = PBXGroup;
			children = (
				A6E150852D4A755A002DF812 /* menu i think */,
				A6E150962D4A755D002DF812 /* menu i thinkTests */,
				A6E150A02D4A755D002DF812 /* menu i thinkUITests */,
				A6E150842D4A755A002DF812 /* Products */,
			);
			sourceTree = "<group>";
		};
		A6E150842D4A755A002DF812 /* Products */ = {
			isa = PBXGroup;
			children = (
				A6E150832D4A755A002DF812 /* menu i think.app */,
				A6E150932D4A755D002DF812 /* menu i thinkTests.xctest */,
				A6E1509D2D4A755D002DF812 /* menu i thinkUITests.xctest */,
			);
			name = Products;
			sourceTree = "<group>";
		};
/* End PBXGroup section */

/* Begin PBXNativeTarget section */
		A6E150822D4A755A002DF812 /* menu i think */ = {
			isa = PBXNativeTarget;
			buildConfigurationList = A6E150A72D4A755D002DF812 /* Build configuration list for PBXNativeTarget "menu i think" */;
			buildPhases = (
				A6E1507F2D4A755A002DF812 /* Sources */,
				A6E150802D4A755A002DF812 /* Frameworks */,
				A6E150812D4A755A002DF812 /* Resources */,
			);
			buildRules = (
			);
			dependencies = (
			);
			fileSystemSynchronizedGroups = (
				A6E150852D4A755A002DF812 /* menu i think */,
			);
			name = "menu i think";
			packageProductDependencies = (
			);
			productName = "menu i think";
			productReference = A6E150832D4A755A002DF812 /* menu i think.app */;
			productType = "com.apple.product-type.application";
		};
		A6E150922D4A755D002DF812 /* menu i thinkTests */ = {
			isa = PBXNativeTarget;
			buildConfigurationList = A6E150AA2D4A755D002DF812 /* Build configuration list for PBXNativeTarget "menu i thinkTests" */;
			buildPhases = (
				A6E1508F2D4A755D002DF812 /* Sources */,
				A6E150902D4A755D002DF812 /* Frameworks */,
				A6E150912D4A755D002DF812 /* Resources */,
			);
			buildRules = (
			);
			dependencies = (
				A6E150952D4A755D002DF812 /* PBXTargetDependency */,
			);
			fileSystemSynchronizedGroups = (
				A6E150962D4A755D002DF812 /* menu i thinkTests */,
			);
			name = "menu i thinkTests";
			packageProductDependencies = (
			);
			productName = "menu i thinkTests";
			productReference = A6E150932D4A755D002DF812 /* menu i thinkTests.xctest */;
			productType = "com.apple.product-type.bundle.unit-test";
		};
		A6E1509C2D4A755D002DF812 /* menu i thinkUITests */ = {
			isa = PBXNativeTarget;
			buildConfigurationList = A6E150AD2D4A755D002DF812 /* Build configuration list for PBXNativeTarget "menu i thinkUITests" */;
			buildPhases = (
				A6E150992D4A755D002DF812 /* Sources */,
				A6E1509A2D4A755D002DF812 /* Frameworks */,
				A6E1509B2D4A755D002DF812 /* Resources */,
			);
			buildRules = (
			);
			dependencies = (
				A6E1509F2D4A755D002DF812 /* PBXTargetDependency */,
			);
			fileSystemSynchronizedGroups = (
				A6E150A02D4A755D002DF812 /* menu i thinkUITests */,
			);
			name = "menu i thinkUITests";
			packageProductDependencies = (
			);
			productName = "menu i thinkUITests";
			productReference = A6E1509D2D4A755D002DF812 /* menu i thinkUITests.xctest */;
			productType = "com.apple.product-type.bundle.ui-testing";
		};
/* End PBXNativeTarget section */

/* Begin PBXProject section */
		A6E1507B2D4A755A002DF812 /* Project object */ = {
			isa = PBXProject;
			attributes = {
				BuildIndependentTargetsInParallel = 1;
				LastSwiftUpdateCheck = 1610;
				LastUpgradeCheck = 1610;
				TargetAttributes = {
					A6E150822D4A755A002DF812 = {
						CreatedOnToolsVersion = 16.1;
					};
					A6E150922D4A755D002DF812 = {
						CreatedOnToolsVersion = 16.1;
						TestTargetID = A6E150822D4A755A002DF812;
					};
					A6E1509C2D4A755D002DF812 = {
						CreatedOnToolsVersion = 16.1;
						TestTargetID = A6E150822D4A755A002DF812;
					};
				};
			};
			buildConfigurationList = A6E1507E2D4A755A002DF812 /* Build configuration list for PBXProject "menu i think" */;
			developmentRegion = en;
			hasScannedForEncodings = 0;
			knownRegions = (
				en,
				Base,
			);
			mainGroup = A6E1507A2D4A755A002DF812;
			minimizedProjectReferenceProxies = 1;
			preferredProjectObjectVersion = 77;
			productRefGroup = A6E150842D4A755A002DF812 /* Products */;
			projectDirPath = "";
			projectRoot = "";
			targets = (
				A6E150822D4A755A002DF812 /* menu i think */,
				A6E150922D4A755D002DF812 /* menu i thinkTests */,
				A6E1509C2D4A755D002DF812 /* menu i thinkUITests */,
			);
		};
/* End PBXProject section */

/* Begin PBXResourcesBuildPhase section */
		A6E150812D4A755A002DF812 /* Resources */ = {
			isa = PBXResourcesBuildPhase;
			buildActionMask = 2147483647;
			files = (
			);
			runOnlyForDeploymentPostprocessing = 0;
		};
		A6E150912D4A755D002DF812 /* Resources */ = {
			isa = PBXResourcesBuildPhase;
			buildActionMask = 2147483647;
			files = (
			);
			runOnlyForDeploymentPostprocessing = 0;
		};
		A6E1509B2D4A755D002DF812 /* Resources */ = {
			isa = PBXResourcesBuildPhase;
			buildActionMask = 2147483647;
			files = (
			);
			runOnlyForDeploymentPostprocessing = 0;
		};
/* End PBXResourcesBuildPhase section */

/* Begin PBXSourcesBuildPhase section */
		A6E1507F2D4A755A002DF812 /* Sources */ = {
			isa = PBXSourcesBuildPhase;
			buildActionMask = 2147483647;
			files = (
			);
			runOnlyForDeploymentPostprocessing = 0;
		};
		A6E1508F2D4A755D002DF812 /* Sources */ = {
			isa = PBXSourcesBuildPhase;
			buildActionMask = 2147483647;
			files = (
			);
			runOnlyForDeploymentPostprocessing = 0;
		};
		A6E150992D4A755D002DF812 /* Sources */ = {
			isa = PBXSourcesBuildPhase;
			buildActionMask = 2147483647;
			files = (
			);
			runOnlyForDeploymentPostprocessing = 0;
		};
/* End PBXSourcesBuildPhase section */

/* Begin PBXTargetDependency section */
		A6E150952D4A755D002DF812 /* PBXTargetDependency */ = {
			isa = PBXTargetDependency;
			target = A6E150822D4A755A002DF812 /* menu i think */;
			targetProxy = A6E150942D4A755D002DF812 /* PBXContainerItemProxy */;
		};
		A6E1509F2D4A755D002DF812 /* PBXTargetDependency */ = {
			isa = PBXTargetDependency;
			target = A6E150822D4A755A002DF812 /* menu i think */;
			targetProxy = A6E1509E2D4A755D002DF812 /* PBXContainerItemProxy */;
		};
/* End PBXTargetDependency section */

/* Begin XCBuildConfiguration section */
		A6E150A52D4A755D002DF812 /* Debug */ = {
			isa = XCBuildConfiguration;
			buildSettings = {
				ALWAYS_SEARCH_USER_PATHS = NO;
				ASSETCATALOG_COMPILER_GENERATE_SWIFT_ASSET_SYMBOL_EXTENSIONS = YES;
				CLANG_ANALYZER_NONNULL = YES;
				CLANG_ANALYZER_NUMBER_OBJECT_CONVERSION = YES_AGGRESSIVE;
				CLANG_CXX_LANGUAGE_STANDARD = "gnu++20";
				CLANG_ENABLE_MODULES = YES;
				CLANG_ENABLE_OBJC_ARC = YES;
				CLANG_ENABLE_OBJC_WEAK = YES;
				CLANG_WARN_BLOCK_CAPTURE_AUTORELEASING = YES;
				CLANG_WARN_BOOL_CONVERSION = YES;
				CLANG_WARN_COMMA = YES;
				CLANG_WARN_CONSTANT_CONVERSION = YES;
				CLANG_WARN_DEPRECATED_OBJC_IMPLEMENTATIONS = YES;
				CLANG_WARN_DIRECT_OBJC_ISA_USAGE = YES_ERROR;
				CLANG_WARN_DOCUMENTATION_COMMENTS = YES;
				CLANG_WARN_EMPTY_BODY = YES;
				CLANG_WARN_ENUM_CONVERSION = YES;
				CLANG_WARN_INFINITE_RECURSION = YES;
				CLANG_WARN_INT_CONVERSION = YES;
				CLANG_WARN_NON_LITERAL_NULL_CONVERSION = YES;
				CLANG_WARN_OBJC_IMPLICIT_RETAIN_SELF = YES;
				CLANG_WARN_OBJC_LITERAL_CONVERSION = YES;
				CLANG_WARN_OBJC_ROOT_CLASS = YES_ERROR;
				CLANG_WARN_QUOTED_INCLUDE_IN_FRAMEWORK_HEADER = YES;
				CLANG_WARN_RANGE_LOOP_ANALYSIS = YES;
				CLANG_WARN_STRICT_PROTOTYPES = YES;
				CLANG_WARN_SUSPICIOUS_MOVE = YES;
				CLANG_WARN_UNGUARDED_AVAILABILITY = YES_AGGRESSIVE;
				CLANG_WARN_UNREACHABLE_CODE = YES;
				CLANG_WARN__DUPLICATE_METHOD_MATCH = YES;
				COPY_PHASE_STRIP = NO;
				DEBUG_INFORMATION_FORMAT = dwarf;
				ENABLE_STRICT_OBJC_MSGSEND = YES;
				ENABLE_TESTABILITY = YES;
				ENABLE_USER_SCRIPT_SANDBOXING = YES;
				GCC_C_LANGUAGE_STANDARD = gnu17;
				GCC_DYNAMIC_NO_PIC = NO;
				GCC_NO_COMMON_BLOCKS = YES;
				GCC_OPTIMIZATION_LEVEL = 0;
				GCC_PREPROCESSOR_DEFINITIONS = (
					"DEBUG=1",
					"$(inherited)",
				);
				GCC_WARN_64_TO_32_BIT_CONVERSION = YES;
				GCC_WARN_ABOUT_RETURN_TYPE = YES_ERROR;
				GCC_WARN_UNDECLARED_SELECTOR = YES;
				GCC_WARN_UNINITIALIZED_AUTOS = YES_AGGRESSIVE;
				GCC_WARN_UNUSED_FUNCTION = YES;
				GCC_WARN_UNUSED_VARIABLE = YES;
				IPHONEOS_DEPLOYMENT_TARGET = 18.1;
				LOCALIZATION_PREFERS_STRING_CATALOGS = YES;
				MTL_ENABLE_DEBUG_INFO = INCLUDE_SOURCE;
				MTL_FAST_MATH = YES;
				ONLY_ACTIVE_ARCH = YES;
				SDKROOT = iphoneos;
				SWIFT_ACTIVE_COMPILATION_CONDITIONS = "DEBUG $(inherited)";
				SWIFT_OPTIMIZATION_LEVEL = "-Onone";
			};
			name = Debug;
		};
		A6E150A62D4A755D002DF812 /* Release */ = {
			isa = XCBuildConfiguration;
			buildSettings = {
				ALWAYS_SEARCH_USER_PATHS = NO;
				ASSETCATALOG_COMPILER_GENERATE_SWIFT_ASSET_SYMBOL_EXTENSIONS = YES;
				CLANG_ANALYZER_NONNULL = YES;
				CLANG_ANALYZER_NUMBER_OBJECT_CONVERSION = YES_AGGRESSIVE;
				CLANG_CXX_LANGUAGE_STANDARD = "gnu++20";
				CLANG_ENABLE_MODULES = YES;
				CLANG_ENABLE_OBJC_ARC = YES;
				CLANG_ENABLE_OBJC_WEAK = YES;
				CLANG_WARN_BLOCK_CAPTURE_AUTORELEASING = YES;
				CLANG_WARN_BOOL_CONVERSION = YES;
				CLANG_WARN_COMMA = YES;
				CLANG_WARN_CONSTANT_CONVERSION = YES;
				CLANG_WARN_DEPRECATED_OBJC_IMPLEMENTATIONS = YES;
				CLANG_WARN_DIRECT_OBJC_ISA_USAGE = YES_ERROR;
				CLANG_WARN_DOCUMENTATION_COMMENTS = YES;
				CLANG_WARN_EMPTY_BODY = YES;
				CLANG_WARN_ENUM_CONVERSION = YES;
				CLANG_WARN_INFINITE_RECURSION = YES;
				CLANG_WARN_INT_CONVERSION = YES;
				CLANG_WARN_NON_LITERAL_NULL_CONVERSION = YES;
				CLANG_WARN_OBJC_IMPLICIT_RETAIN_SELF = YES;
				CLANG_WARN_OBJC_LITERAL_CONVERSION = YES;
				CLANG_WARN_OBJC_ROOT_CLASS = YES_ERROR;
				CLANG_WARN_QUOTED_INCLUDE_IN_FRAMEWORK_HEADER = YES;
				CLANG_WARN_RANGE_LOOP_ANALYSIS = YES;
				CLANG_WARN_STRICT_PROTOTYPES = YES;
				CLANG_WARN_SUSPICIOUS_MOVE = YES;
				CLANG_WARN_UNGUARDED_AVAILABILITY = YES_AGGRESSIVE;
				CLANG_WARN_UNREACHABLE_CODE = YES;
				CLANG_WARN__DUPLICATE_METHOD_MATCH = YES;
				COPY_PHASE_STRIP = NO;
				DEBUG_INFORMATION_FORMAT = "dwarf-with-dsym";
				ENABLE_NS_ASSERTIONS = NO;
				ENABLE_STRICT_OBJC_MSGSEND = YES;
				ENABLE_USER_SCRIPT_SANDBOXING = YES;
				GCC_C_LANGUAGE_STANDARD = gnu17;
				GCC_NO_COMMON_BLOCKS = YES;
				GCC_WARN_64_TO_32_BIT_CONVERSION = YES;
				GCC_WARN_ABOUT_RETURN_TYPE = YES_ERROR;
				GCC_WARN_UNDECLARED_SELECTOR = YES;
				GCC_WARN_UNINITIALIZED_AUTOS = YES_AGGRESSIVE;
				GCC_WARN_UNUSED_FUNCTION = YES;
				GCC_WARN_UNUSED_VARIABLE = YES;
				IPHONEOS_DEPLOYMENT_TARGET = 18.1;
				LOCALIZATION_PREFERS_STRING_CATALOGS = YES;
				MTL_ENABLE_DEBUG_INFO = NO;
				MTL_FAST_MATH = YES;
				SDKROOT = iphoneos;
				SWIFT_COMPILATION_MODE = wholemodule;
				VALIDATE_PRODUCT = YES;
			};
			name = Release;
		};
		A6E150A82D4A755D002DF812 /* Debug */ = {
			isa = XCBuildConfiguration;
			buildSettings = {
				ASSETCATALOG_COMPILER_APPICON_NAME = AppIcon;
				ASSETCATALOG_COMPILER_GLOBAL_ACCENT_COLOR_NAME = AccentColor;
				CODE_SIGN_STYLE = Automatic;
				CURRENT_PROJECT_VERSION = 1;
				DEVELOPMENT_ASSET_PATHS = "\"menu i think/Preview Content\"";
				ENABLE_PREVIEWS = YES;
				GENERATE_INFOPLIST_FILE = YES;
				INFOPLIST_KEY_UIApplicationSceneManifest_Generation = YES;
				INFOPLIST_KEY_UIApplicationSupportsIndirectInputEvents = YES;
				INFOPLIST_KEY_UILaunchScreen_Generation = YES;
				INFOPLIST_KEY_UISupportedInterfaceOrientations_iPad = "UIInterfaceOrientationPortrait UIInterfaceOrientationPortraitUpsideDown UIInterfaceOrientationLandscapeLeft UIInterfaceOrientationLandscapeRight";
				INFOPLIST_KEY_UISupportedInterfaceOrientations_iPhone = "UIInterfaceOrientationPortrait UIInterfaceOrientationLandscapeLeft UIInterfaceOrientationLandscapeRight";
				LD_RUNPATH_SEARCH_PATHS = (
					"$(inherited)",
					"@executable_path/Frameworks",
				);
				MARKETING_VERSION = 1.0;
				PRODUCT_BUNDLE_IDENTIFIER = "not-so-epic.menu-i-think";
				PRODUCT_NAME = "$(TARGET_NAME)";
				SWIFT_EMIT_LOC_STRINGS = YES;
				SWIFT_VERSION = 5.0;
				TARGETED_DEVICE_FAMILY = "1,2";
			};
			name = Debug;
		};
		A6E150A92D4A755D002DF812 /* Release */ = {
			isa = XCBuildConfiguration;
			buildSettings = {
				ASSETCATALOG_COMPILER_APPICON_NAME = AppIcon;
				ASSETCATALOG_COMPILER_GLOBAL_ACCENT_COLOR_NAME = AccentColor;
				CODE_SIGN_STYLE = Automatic;
				CURRENT_PROJECT_VERSION = 1;
				DEVELOPMENT_ASSET_PATHS = "\"menu i think/Preview Content\"";
				ENABLE_PREVIEWS = YES;
				GENERATE_INFOPLIST_FILE = YES;
				INFOPLIST_KEY_UIApplicationSceneManifest_Generation = YES;
				INFOPLIST_KEY_UIApplicationSupportsIndirectInputEvents = YES;
				INFOPLIST_KEY_UILaunchScreen_Generation = YES;
				INFOPLIST_KEY_UISupportedInterfaceOrientations_iPad = "UIInterfaceOrientationPortrait UIInterfaceOrientationPortraitUpsideDown UIInterfaceOrientationLandscapeLeft UIInterfaceOrientationLandscapeRight";
				INFOPLIST_KEY_UISupportedInterfaceOrientations_iPhone = "UIInterfaceOrientationPortrait UIInterfaceOrientationLandscapeLeft UIInterfaceOrientationLandscapeRight";
				LD_RUNPATH_SEARCH_PATHS = (
					"$(inherited)",
					"@executable_path/Frameworks",
				);
				MARKETING_VERSION = 1.0;
				PRODUCT_BUNDLE_IDENTIFIER = "not-so-epic.menu-i-think";
				PRODUCT_NAME = "$(TARGET_NAME)";
				SWIFT_EMIT_LOC_STRINGS = YES;
				SWIFT_VERSION = 5.0;
				TARGETED_DEVICE_FAMILY = "1,2";
			};
			name = Release;
		};
		A6E150AB2D4A755D002DF812 /* Debug */ = {
			isa = XCBuildConfiguration;
			buildSettings = {
				BUNDLE_LOADER = "$(TEST_HOST)";
				CODE_SIGN_STYLE = Automatic;
				CURRENT_PROJECT_VERSION = 1;
				GENERATE_INFOPLIST_FILE = YES;
				IPHONEOS_DEPLOYMENT_TARGET = 18.1;
				MARKETING_VERSION = 1.0;
				PRODUCT_BUNDLE_IDENTIFIER = "not-so-epic.menu-i-thinkTests";
				PRODUCT_NAME = "$(TARGET_NAME)";
				SWIFT_EMIT_LOC_STRINGS = NO;
				SWIFT_VERSION = 5.0;
				TARGETED_DEVICE_FAMILY = "1,2";
				TEST_HOST = "$(BUILT_PRODUCTS_DIR)/menu i think.app/$(BUNDLE_EXECUTABLE_FOLDER_PATH)/menu i think";
			};
			name = Debug;
		};
		A6E150AC2D4A755D002DF812 /* Release */ = {
			isa = XCBuildConfiguration;
			buildSettings = {
				BUNDLE_LOADER = "$(TEST_HOST)";
				CODE_SIGN_STYLE = Automatic;
				CURRENT_PROJECT_VERSION = 1;
				GENERATE_INFOPLIST_FILE = YES;
				IPHONEOS_DEPLOYMENT_TARGET = 18.1;
				MARKETING_VERSION = 1.0;
				PRODUCT_BUNDLE_IDENTIFIER = "not-so-epic.menu-i-thinkTests";
				PRODUCT_NAME = "$(TARGET_NAME)";
				SWIFT_EMIT_LOC_STRINGS = NO;
				SWIFT_VERSION = 5.0;
				TARGETED_DEVICE_FAMILY = "1,2";
				TEST_HOST = "$(BUILT_PRODUCTS_DIR)/menu i think.app/$(BUNDLE_EXECUTABLE_FOLDER_PATH)/menu i think";
			};
			name = Release;
		};
		A6E150AE2D4A755D002DF812 /* Debug */ = {
			isa = XCBuildConfiguration;
			buildSettings = {
				CODE_SIGN_STYLE = Automatic;
				CURRENT_PROJECT_VERSION = 1;
				GENERATE_INFOPLIST_FILE = YES;
				MARKETING_VERSION = 1.0;
				PRODUCT_BUNDLE_IDENTIFIER = "not-so-epic.menu-i-thinkUITests";
				PRODUCT_NAME = "$(TARGET_NAME)";
				SWIFT_EMIT_LOC_STRINGS = NO;
				SWIFT_VERSION = 5.0;
				TARGETED_DEVICE_FAMILY = "1,2";
				TEST_TARGET_NAME = "menu i think";
			};
			name = Debug;
		};
		A6E150AF2D4A755D002DF812 /* Release */ = {
			isa = XCBuildConfiguration;
			buildSettings = {
				CODE_SIGN_STYLE = Automatic;
				CURRENT_PROJECT_VERSION = 1;
				GENERATE_INFOPLIST_FILE = YES;
				MARKETING_VERSION = 1.0;
				PRODUCT_BUNDLE_IDENTIFIER = "not-so-epic.menu-i-thinkUITests";
				PRODUCT_NAME = "$(TARGET_NAME)";
				SWIFT_EMIT_LOC_STRINGS = NO;
				SWIFT_VERSION = 5.0;
				TARGETED_DEVICE_FAMILY = "1,2";
				TEST_TARGET_NAME = "menu i think";
			};
			name = Release;
		};
/* End XCBuildConfiguration section */

/* Begin XCConfigurationList section */
		A6E1507E2D4A755A002DF812 /* Build configuration list for PBXProject "menu i think" */ = {
			isa = XCConfigurationList;
			buildConfigurations = (
				A6E150A52D4A755D002DF812 /* Debug */,
				A6E150A62D4A755D002DF812 /* Release */,
			);
			defaultConfigurationIsVisible = 0;
			defaultConfigurationName = Release;
		};
		A6E150A72D4A755D002DF812 /* Build configuration list for PBXNativeTarget "menu i think" */ = {
			isa = XCConfigurationList;
			buildConfigurations = (
				A6E150A82D4A755D002DF812 /* Debug */,
				A6E150A92D4A755D002DF812 /* Release */,
			);
			defaultConfigurationIsVisible = 0;
			defaultConfigurationName = Release;
		};
		A6E150AA2D4A755D002DF812 /* Build configuration list for PBXNativeTarget "menu i thinkTests" */ = {
			isa = XCConfigurationList;
			buildConfigurations = (
				A6E150AB2D4A755D002DF812 /* Debug */,
				A6E150AC2D4A755D002DF812 /* Release */,
			);
			defaultConfigurationIsVisible = 0;
			defaultConfigurationName = Release;
		};
		A6E150AD2D4A755D002DF812 /* Build configuration list for PBXNativeTarget "menu i thinkUITests" */ = {
			isa = XCConfigurationList;
			buildConfigurations = (
				A6E150AE2D4A755D002DF812 /* Debug */,
				A6E150AF2D4A755D002DF812 /* Release */,
			);
			defaultConfigurationIsVisible = 0;
			defaultConfigurationName = Release;
		};
/* End XCConfigurationList section */
	};
	rootObject = A6E1507B2D4A755A002DF812 /* Project object */;
}
